// !$*UTF8*$!
{
	archiveVersion = 1;
	classes = {
	};
	objectVersion = 55;
	objects = {

/* Begin PBXBuildFile section */
		51D40AAAF28037942E3E77DA /* Pods_airelibre.framework in Frameworks */ = {isa = PBXBuildFile; fileRef = D9992FDE15AD38C91E09384C /* Pods_airelibre.framework */; };
		5203511E295FB6900007D553 /* disket_bold.ttf in Resources */ = {isa = PBXBuildFile; fileRef = 52669A5128E7CD4E009DA821 /* disket_bold.ttf */; };
		5203511F295FB6950007D553 /* rubik_bold.ttf in Resources */ = {isa = PBXBuildFile; fileRef = 52669A4F28E7CD4E009DA821 /* rubik_bold.ttf */; };
		52035120295FB6950007D553 /* rubik_regular.ttf in Resources */ = {isa = PBXBuildFile; fileRef = 52669A5028E7CD4E009DA821 /* rubik_regular.ttf */; };
		52035121295FB6950007D553 /* disket_regular.ttf in Resources */ = {isa = PBXBuildFile; fileRef = 52669A4E28E7CD4E009DA821 /* disket_regular.ttf */; };
		5210AFE02A2ADAC40078489E /* ThemesMap.swift in Sources */ = {isa = PBXBuildFile; fileRef = 5210AFDF2A2ADAC40078489E /* ThemesMap.swift */; };
		5210AFE32A2ADB600078489E /* MapModel.swift in Sources */ = {isa = PBXBuildFile; fileRef = 5210AFE22A2ADB600078489E /* MapModel.swift */; };
		5223F9092A2BCFB300C177A8 /* ConfigViewModel.swift in Sources */ = {isa = PBXBuildFile; fileRef = 5223F9082A2BCFB300C177A8 /* ConfigViewModel.swift */; };
		52669A4B28E7CC40009DA821 /* ConfigViewController.swift in Sources */ = {isa = PBXBuildFile; fileRef = 52669A4A28E7CC40009DA821 /* ConfigViewController.swift */; };
		52669A5328E7D42C009DA821 /* mapstyle_night.json in Resources */ = {isa = PBXBuildFile; fileRef = 52669A5228E7D42C009DA821 /* mapstyle_night.json */; };
		526BA09629D918A500F2D40A /* CircularItemModel.swift in Sources */ = {isa = PBXBuildFile; fileRef = 526BA09529D918A500F2D40A /* CircularItemModel.swift */; };
		526C907D2A52464400846498 /* AboutViewModel.swift in Sources */ = {isa = PBXBuildFile; fileRef = 526C907C2A52464400846498 /* AboutViewModel.swift */; };
		526C90812A52469000846498 /* Contributor.swift in Sources */ = {isa = PBXBuildFile; fileRef = 526C90802A52469000846498 /* Contributor.swift */; };
		5274D53329B6510300B9C7E5 /* airelibreUITests.swift in Sources */ = {isa = PBXBuildFile; fileRef = 5274D53229B6510300B9C7E5 /* airelibreUITests.swift */; };
		5274D53529B6510300B9C7E5 /* airelibreUITestsLaunchTests.swift in Sources */ = {isa = PBXBuildFile; fileRef = 5274D53429B6510300B9C7E5 /* airelibreUITestsLaunchTests.swift */; };
		527FC40A28D3E9BE001A5FF6 /* CacheUtils.swift in Sources */ = {isa = PBXBuildFile; fileRef = 527FC40528D3E9BE001A5FF6 /* CacheUtils.swift */; };
		527FC40B28D3E9BE001A5FF6 /* DialogInfoAQIViewController.swift in Sources */ = {isa = PBXBuildFile; fileRef = 527FC40628D3E9BE001A5FF6 /* DialogInfoAQIViewController.swift */; };
		527FC40C28D3E9BE001A5FF6 /* InfoAQITableViewCell.swift in Sources */ = {isa = PBXBuildFile; fileRef = 527FC40728D3E9BE001A5FF6 /* InfoAQITableViewCell.swift */; };
		527FC40D28D3E9BE001A5FF6 /* extensions.swift in Sources */ = {isa = PBXBuildFile; fileRef = 527FC40828D3E9BE001A5FF6 /* extensions.swift */; };
		527FC40E28D3E9BE001A5FF6 /* InfoAQITableViewCell.xib in Resources */ = {isa = PBXBuildFile; fileRef = 527FC40928D3E9BE001A5FF6 /* InfoAQITableViewCell.xib */; };
		527FC41228D3E9F2001A5FF6 /* AboutViewController.swift in Sources */ = {isa = PBXBuildFile; fileRef = 527FC41128D3E9F2001A5FF6 /* AboutViewController.swift */; };
		527FC41A28D3ED7A001A5FF6 /* GoogleService-Info.plist in Resources */ = {isa = PBXBuildFile; fileRef = 527FC41928D3ED7A001A5FF6 /* GoogleService-Info.plist */; };
		5297F05C2A22C2E50012486A /* mapstyle_blue.json in Resources */ = {isa = PBXBuildFile; fileRef = 5297F05B2A22C2E50012486A /* mapstyle_blue.json */; };
		5297F05E2A22C3040012486A /* mapstyle_cyber.json in Resources */ = {isa = PBXBuildFile; fileRef = 5297F05D2A22C3040012486A /* mapstyle_cyber.json */; };
		5297F0602A22C3210012486A /* mapstyle_fallout.json in Resources */ = {isa = PBXBuildFile; fileRef = 5297F05F2A22C3210012486A /* mapstyle_fallout.json */; };
		5297F0622A22C3410012486A /* mapstyle_gta.json in Resources */ = {isa = PBXBuildFile; fileRef = 5297F0612A22C3410012486A /* mapstyle_gta.json */; };
		5297F0642A22C36D0012486A /* mapstyle_light_blue.json in Resources */ = {isa = PBXBuildFile; fileRef = 5297F0632A22C36D0012486A /* mapstyle_light_blue.json */; };
		5297F0662A22C38D0012486A /* mapstyle_retro.json in Resources */ = {isa = PBXBuildFile; fileRef = 5297F0652A22C38D0012486A /* mapstyle_retro.json */; };
		5297F0682A22C3AB0012486A /* mapstyle_uber.json in Resources */ = {isa = PBXBuildFile; fileRef = 5297F0672A22C3AB0012486A /* mapstyle_uber.json */; };
		529D82F129DA3FC50033F26D /* CircularItemCell.swift in Sources */ = {isa = PBXBuildFile; fileRef = 529D82F029DA3FC50033F26D /* CircularItemCell.swift */; };
		52A97828280632E4006A877D /* SensorResponse.swift in Sources */ = {isa = PBXBuildFile; fileRef = 52A97827280632E4006A877D /* SensorResponse.swift */; };
		52A9782B2806390B006A877D /* APIService.swift in Sources */ = {isa = PBXBuildFile; fileRef = 52A9782A2806390B006A877D /* APIService.swift */; };
		52A9782E28063A2E006A877D /* HomeViewModel.swift in Sources */ = {isa = PBXBuildFile; fileRef = 52A9782D28063A2E006A877D /* HomeViewModel.swift */; };
		52A9783128063B00006A877D /* HomeViewController.swift in Sources */ = {isa = PBXBuildFile; fileRef = 52A9783028063B00006A877D /* HomeViewController.swift */; };
		52C636E228028C99005CDBD4 /* AppDelegate.swift in Sources */ = {isa = PBXBuildFile; fileRef = 52C636E128028C99005CDBD4 /* AppDelegate.swift */; };
		52C636E428028C99005CDBD4 /* SceneDelegate.swift in Sources */ = {isa = PBXBuildFile; fileRef = 52C636E328028C99005CDBD4 /* SceneDelegate.swift */; };
		52C636E928028C99005CDBD4 /* Main.storyboard in Resources */ = {isa = PBXBuildFile; fileRef = 52C636E728028C99005CDBD4 /* Main.storyboard */; };
		52C636EB28028C9C005CDBD4 /* Assets.xcassets in Resources */ = {isa = PBXBuildFile; fileRef = 52C636EA28028C9C005CDBD4 /* Assets.xcassets */; };
		52C636EE28028C9C005CDBD4 /* LaunchScreen.storyboard in Resources */ = {isa = PBXBuildFile; fileRef = 52C636EC28028C9C005CDBD4 /* LaunchScreen.storyboard */; };
		52C636FA28029A3D005CDBD4 /* BaseTabBarController.swift in Sources */ = {isa = PBXBuildFile; fileRef = 52C636F928029A3D005CDBD4 /* BaseTabBarController.swift */; };
/* End PBXBuildFile section */

/* Begin PBXContainerItemProxy section */
		5274D53629B6510300B9C7E5 /* PBXContainerItemProxy */ = {
			isa = PBXContainerItemProxy;
			containerPortal = 52C636D628028C98005CDBD4 /* Project object */;
			proxyType = 1;
			remoteGlobalIDString = 52C636DD28028C99005CDBD4;
			remoteInfo = airelibre;
		};
/* End PBXContainerItemProxy section */

/* Begin PBXFileReference section */
		4187F73C8D25353464A77A27 /* Pods-airelibre.release.xcconfig */ = {isa = PBXFileReference; includeInIndex = 1; lastKnownFileType = text.xcconfig; name = "Pods-airelibre.release.xcconfig"; path = "Target Support Files/Pods-airelibre/Pods-airelibre.release.xcconfig"; sourceTree = "<group>"; };
		5210AFDF2A2ADAC40078489E /* ThemesMap.swift */ = {isa = PBXFileReference; lastKnownFileType = sourcecode.swift; path = ThemesMap.swift; sourceTree = "<group>"; };
		5210AFE22A2ADB600078489E /* MapModel.swift */ = {isa = PBXFileReference; lastKnownFileType = sourcecode.swift; path = MapModel.swift; sourceTree = "<group>"; };
		5223F9082A2BCFB300C177A8 /* ConfigViewModel.swift */ = {isa = PBXFileReference; lastKnownFileType = sourcecode.swift; path = ConfigViewModel.swift; sourceTree = "<group>"; };
		52669A4A28E7CC40009DA821 /* ConfigViewController.swift */ = {isa = PBXFileReference; fileEncoding = 4; lastKnownFileType = sourcecode.swift; path = ConfigViewController.swift; sourceTree = "<group>"; };
		52669A4E28E7CD4E009DA821 /* disket_regular.ttf */ = {isa = PBXFileReference; lastKnownFileType = file; path = disket_regular.ttf; sourceTree = "<group>"; };
		52669A4F28E7CD4E009DA821 /* rubik_bold.ttf */ = {isa = PBXFileReference; lastKnownFileType = file; path = rubik_bold.ttf; sourceTree = "<group>"; };
		52669A5028E7CD4E009DA821 /* rubik_regular.ttf */ = {isa = PBXFileReference; lastKnownFileType = file; path = rubik_regular.ttf; sourceTree = "<group>"; };
		52669A5128E7CD4E009DA821 /* disket_bold.ttf */ = {isa = PBXFileReference; lastKnownFileType = file; path = disket_bold.ttf; sourceTree = "<group>"; };
		52669A5228E7D42C009DA821 /* mapstyle_night.json */ = {isa = PBXFileReference; fileEncoding = 4; lastKnownFileType = text.json; path = mapstyle_night.json; sourceTree = "<group>"; };
		526BA09529D918A500F2D40A /* CircularItemModel.swift */ = {isa = PBXFileReference; lastKnownFileType = sourcecode.swift; path = CircularItemModel.swift; sourceTree = "<group>"; };
		526C907C2A52464400846498 /* AboutViewModel.swift */ = {isa = PBXFileReference; lastKnownFileType = sourcecode.swift; path = AboutViewModel.swift; sourceTree = "<group>"; };
		526C90802A52469000846498 /* Contributor.swift */ = {isa = PBXFileReference; lastKnownFileType = sourcecode.swift; path = Contributor.swift; sourceTree = "<group>"; };
		5274D53029B6510300B9C7E5 /* airelibreUITests.xctest */ = {isa = PBXFileReference; explicitFileType = wrapper.cfbundle; includeInIndex = 0; path = airelibreUITests.xctest; sourceTree = BUILT_PRODUCTS_DIR; };
		5274D53229B6510300B9C7E5 /* airelibreUITests.swift */ = {isa = PBXFileReference; lastKnownFileType = sourcecode.swift; path = airelibreUITests.swift; sourceTree = "<group>"; };
		5274D53429B6510300B9C7E5 /* airelibreUITestsLaunchTests.swift */ = {isa = PBXFileReference; lastKnownFileType = sourcecode.swift; path = airelibreUITestsLaunchTests.swift; sourceTree = "<group>"; };
		527FC40528D3E9BE001A5FF6 /* CacheUtils.swift */ = {isa = PBXFileReference; fileEncoding = 4; lastKnownFileType = sourcecode.swift; path = CacheUtils.swift; sourceTree = "<group>"; };
		527FC40628D3E9BE001A5FF6 /* DialogInfoAQIViewController.swift */ = {isa = PBXFileReference; fileEncoding = 4; lastKnownFileType = sourcecode.swift; path = DialogInfoAQIViewController.swift; sourceTree = "<group>"; };
		527FC40728D3E9BE001A5FF6 /* InfoAQITableViewCell.swift */ = {isa = PBXFileReference; fileEncoding = 4; lastKnownFileType = sourcecode.swift; path = InfoAQITableViewCell.swift; sourceTree = "<group>"; };
		527FC40828D3E9BE001A5FF6 /* extensions.swift */ = {isa = PBXFileReference; fileEncoding = 4; lastKnownFileType = sourcecode.swift; path = extensions.swift; sourceTree = "<group>"; };
		527FC40928D3E9BE001A5FF6 /* InfoAQITableViewCell.xib */ = {isa = PBXFileReference; fileEncoding = 4; lastKnownFileType = file.xib; path = InfoAQITableViewCell.xib; sourceTree = "<group>"; };
		527FC41128D3E9F2001A5FF6 /* AboutViewController.swift */ = {isa = PBXFileReference; fileEncoding = 4; lastKnownFileType = sourcecode.swift; path = AboutViewController.swift; sourceTree = "<group>"; };
		527FC41928D3ED7A001A5FF6 /* GoogleService-Info.plist */ = {isa = PBXFileReference; fileEncoding = 4; lastKnownFileType = text.plist.xml; path = "GoogleService-Info.plist"; sourceTree = "<group>"; };
		5297F05B2A22C2E50012486A /* mapstyle_blue.json */ = {isa = PBXFileReference; lastKnownFileType = text.json; path = mapstyle_blue.json; sourceTree = "<group>"; };
		5297F05D2A22C3040012486A /* mapstyle_cyber.json */ = {isa = PBXFileReference; lastKnownFileType = text.json; path = mapstyle_cyber.json; sourceTree = "<group>"; };
		5297F05F2A22C3210012486A /* mapstyle_fallout.json */ = {isa = PBXFileReference; lastKnownFileType = text.json; path = mapstyle_fallout.json; sourceTree = "<group>"; };
		5297F0612A22C3410012486A /* mapstyle_gta.json */ = {isa = PBXFileReference; lastKnownFileType = text.json; path = mapstyle_gta.json; sourceTree = "<group>"; };
		5297F0632A22C36D0012486A /* mapstyle_light_blue.json */ = {isa = PBXFileReference; lastKnownFileType = text.json; path = mapstyle_light_blue.json; sourceTree = "<group>"; };
		5297F0652A22C38D0012486A /* mapstyle_retro.json */ = {isa = PBXFileReference; lastKnownFileType = text.json; path = mapstyle_retro.json; sourceTree = "<group>"; };
		5297F0672A22C3AB0012486A /* mapstyle_uber.json */ = {isa = PBXFileReference; lastKnownFileType = text.json; path = mapstyle_uber.json; sourceTree = "<group>"; };
		529D82F029DA3FC50033F26D /* CircularItemCell.swift */ = {isa = PBXFileReference; lastKnownFileType = sourcecode.swift; path = CircularItemCell.swift; sourceTree = "<group>"; };
		52A97827280632E4006A877D /* SensorResponse.swift */ = {isa = PBXFileReference; lastKnownFileType = sourcecode.swift; path = SensorResponse.swift; sourceTree = "<group>"; };
		52A9782A2806390B006A877D /* APIService.swift */ = {isa = PBXFileReference; lastKnownFileType = sourcecode.swift; path = APIService.swift; sourceTree = "<group>"; };
		52A9782D28063A2E006A877D /* HomeViewModel.swift */ = {isa = PBXFileReference; lastKnownFileType = sourcecode.swift; path = HomeViewModel.swift; sourceTree = "<group>"; };
		52A9783028063B00006A877D /* HomeViewController.swift */ = {isa = PBXFileReference; lastKnownFileType = sourcecode.swift; path = HomeViewController.swift; sourceTree = "<group>"; };
		52C636DE28028C99005CDBD4 /* airelibre.app */ = {isa = PBXFileReference; explicitFileType = wrapper.application; includeInIndex = 0; path = airelibre.app; sourceTree = BUILT_PRODUCTS_DIR; };
		52C636E128028C99005CDBD4 /* AppDelegate.swift */ = {isa = PBXFileReference; lastKnownFileType = sourcecode.swift; path = AppDelegate.swift; sourceTree = "<group>"; };
		52C636E328028C99005CDBD4 /* SceneDelegate.swift */ = {isa = PBXFileReference; lastKnownFileType = sourcecode.swift; path = SceneDelegate.swift; sourceTree = "<group>"; };
		52C636E828028C99005CDBD4 /* Base */ = {isa = PBXFileReference; lastKnownFileType = file.storyboard; name = Base; path = Base.lproj/Main.storyboard; sourceTree = "<group>"; };
		52C636EA28028C9C005CDBD4 /* Assets.xcassets */ = {isa = PBXFileReference; lastKnownFileType = folder.assetcatalog; path = Assets.xcassets; sourceTree = "<group>"; };
		52C636ED28028C9C005CDBD4 /* Base */ = {isa = PBXFileReference; lastKnownFileType = file.storyboard; name = Base; path = Base.lproj/LaunchScreen.storyboard; sourceTree = "<group>"; };
		52C636EF28028C9C005CDBD4 /* Info.plist */ = {isa = PBXFileReference; lastKnownFileType = text.plist.xml; path = Info.plist; sourceTree = "<group>"; };
		52C636F928029A3D005CDBD4 /* BaseTabBarController.swift */ = {isa = PBXFileReference; lastKnownFileType = sourcecode.swift; path = BaseTabBarController.swift; sourceTree = "<group>"; };
		5BDC09953C2F8758E34142D5 /* Pods-airelibre.debug.xcconfig */ = {isa = PBXFileReference; includeInIndex = 1; lastKnownFileType = text.xcconfig; name = "Pods-airelibre.debug.xcconfig"; path = "Target Support Files/Pods-airelibre/Pods-airelibre.debug.xcconfig"; sourceTree = "<group>"; };
		D9992FDE15AD38C91E09384C /* Pods_airelibre.framework */ = {isa = PBXFileReference; explicitFileType = wrapper.framework; includeInIndex = 0; path = Pods_airelibre.framework; sourceTree = BUILT_PRODUCTS_DIR; };
/* End PBXFileReference section */

/* Begin PBXFrameworksBuildPhase section */
		5274D52D29B6510300B9C7E5 /* Frameworks */ = {
			isa = PBXFrameworksBuildPhase;
			buildActionMask = 2147483647;
			files = (
			);
			runOnlyForDeploymentPostprocessing = 0;
		};
		52C636DB28028C99005CDBD4 /* Frameworks */ = {
			isa = PBXFrameworksBuildPhase;
			buildActionMask = 2147483647;
			files = (
				51D40AAAF28037942E3E77DA /* Pods_airelibre.framework in Frameworks */,
			);
			runOnlyForDeploymentPostprocessing = 0;
		};
/* End PBXFrameworksBuildPhase section */

/* Begin PBXGroup section */
		05CE592AD97052A0B15FC0BD /* Frameworks */ = {
			isa = PBXGroup;
			children = (
				D9992FDE15AD38C91E09384C /* Pods_airelibre.framework */,
			);
			name = Frameworks;
			sourceTree = "<group>";
		};
		5210AFE12A2ADB480078489E /* mapUtils */ = {
			isa = PBXGroup;
			children = (
				5210AFDF2A2ADAC40078489E /* ThemesMap.swift */,
				5210AFE22A2ADB600078489E /* MapModel.swift */,
			);
			path = mapUtils;
			sourceTree = "<group>";
		};
		5210AFE42A2AF2310078489E /* viewModel */ = {
			isa = PBXGroup;
			children = (
				5223F9082A2BCFB300C177A8 /* ConfigViewModel.swift */,
			);
			path = viewModel;
			sourceTree = "<group>";
		};
		52669A4928E7CC06009DA821 /* config */ = {
			isa = PBXGroup;
			children = (
				5210AFE42A2AF2310078489E /* viewModel */,
				52669A4A28E7CC40009DA821 /* ConfigViewController.swift */,
			);
			path = config;
			sourceTree = "<group>";
		};
		52669A4D28E7CD1F009DA821 /* fonts */ = {
			isa = PBXGroup;
			children = (
				52669A5128E7CD4E009DA821 /* disket_bold.ttf */,
				52669A4E28E7CD4E009DA821 /* disket_regular.ttf */,
				52669A4F28E7CD4E009DA821 /* rubik_bold.ttf */,
				52669A5028E7CD4E009DA821 /* rubik_regular.ttf */,
			);
			path = fonts;
			sourceTree = "<group>";
		};
		526BA09229D9184E00F2D40A /* components */ = {
			isa = PBXGroup;
			children = (
				526BA09329D9185A00F2D40A /* CircleList */,
			);
			path = components;
			sourceTree = "<group>";
		};
		526BA09329D9185A00F2D40A /* CircleList */ = {
			isa = PBXGroup;
			children = (
				526BA09729D9196A00F2D40A /* view */,
				526BA09429D9189200F2D40A /* model */,
			);
			path = CircleList;
			sourceTree = "<group>";
		};
		526BA09429D9189200F2D40A /* model */ = {
			isa = PBXGroup;
			children = (
				526BA09529D918A500F2D40A /* CircularItemModel.swift */,
			);
			path = model;
			sourceTree = "<group>";
		};
		526BA09729D9196A00F2D40A /* view */ = {
			isa = PBXGroup;
			children = (
				529D82F029DA3FC50033F26D /* CircularItemCell.swift */,
			);
			path = view;
			sourceTree = "<group>";
		};
		526C907B2A52463000846498 /* viewModel */ = {
			isa = PBXGroup;
			children = (
				526C907C2A52464400846498 /* AboutViewModel.swift */,
			);
			path = viewModel;
			sourceTree = "<group>";
		};
		526C907E2A52464900846498 /* view */ = {
			isa = PBXGroup;
			children = (
				527FC41128D3E9F2001A5FF6 /* AboutViewController.swift */,
			);
			path = view;
			sourceTree = "<group>";
		};
		526C907F2A52468400846498 /* model */ = {
			isa = PBXGroup;
			children = (
				526C90802A52469000846498 /* Contributor.swift */,
			);
			path = model;
			sourceTree = "<group>";
		};
		5274D53129B6510300B9C7E5 /* airelibreUITests */ = {
			isa = PBXGroup;
			children = (
				5274D53229B6510300B9C7E5 /* airelibreUITests.swift */,
				5274D53429B6510300B9C7E5 /* airelibreUITestsLaunchTests.swift */,
			);
			path = airelibreUITests;
			sourceTree = "<group>";
		};
		527FC40428D3E9A7001A5FF6 /* utils */ = {
			isa = PBXGroup;
			children = (
				5210AFE12A2ADB480078489E /* mapUtils */,
				527FC40528D3E9BE001A5FF6 /* CacheUtils.swift */,
				527FC40628D3E9BE001A5FF6 /* DialogInfoAQIViewController.swift */,
				527FC40828D3E9BE001A5FF6 /* extensions.swift */,
				527FC40728D3E9BE001A5FF6 /* InfoAQITableViewCell.swift */,
				527FC40928D3E9BE001A5FF6 /* InfoAQITableViewCell.xib */,
			);
			path = utils;
			sourceTree = "<group>";
		};
		527FC41028D3E9E6001A5FF6 /* about */ = {
			isa = PBXGroup;
			children = (
				526C907F2A52468400846498 /* model */,
				526C907E2A52464900846498 /* view */,
				526C907B2A52463000846498 /* viewModel */,
			);
			path = about;
			sourceTree = "<group>";
		};
		5297F05A2A22B1F60012486A /* themes */ = {
			isa = PBXGroup;
			children = (
				52669A5228E7D42C009DA821 /* mapstyle_night.json */,
				5297F05B2A22C2E50012486A /* mapstyle_blue.json */,
				5297F05D2A22C3040012486A /* mapstyle_cyber.json */,
				5297F05F2A22C3210012486A /* mapstyle_fallout.json */,
				5297F0612A22C3410012486A /* mapstyle_gta.json */,
				5297F0632A22C36D0012486A /* mapstyle_light_blue.json */,
				5297F0652A22C38D0012486A /* mapstyle_retro.json */,
				5297F0672A22C3AB0012486A /* mapstyle_uber.json */,
			);
			path = themes;
			sourceTree = "<group>";
		};
		52A97829280638F3006A877D /* data */ = {
			isa = PBXGroup;
			children = (
				52A9782A2806390B006A877D /* APIService.swift */,
			);
			path = data;
			sourceTree = "<group>";
		};
		52A9782C280639F9006A877D /* viewModel */ = {
			isa = PBXGroup;
			children = (
				52A9782D28063A2E006A877D /* HomeViewModel.swift */,
			);
			path = viewModel;
			sourceTree = "<group>";
		};
		52A9782F28063AD9006A877D /* view */ = {
			isa = PBXGroup;
			children = (
				52A9783028063B00006A877D /* HomeViewController.swift */,
			);
			path = view;
			sourceTree = "<group>";
		};
		52C636D528028C98005CDBD4 = {
			isa = PBXGroup;
			children = (
				52C636E028028C99005CDBD4 /* airelibre */,
				5274D53129B6510300B9C7E5 /* airelibreUITests */,
				52C636DF28028C99005CDBD4 /* Products */,
				87811A2523F5C9F699E65F2C /* Pods */,
				05CE592AD97052A0B15FC0BD /* Frameworks */,
			);
			sourceTree = "<group>";
		};
		52C636DF28028C99005CDBD4 /* Products */ = {
			isa = PBXGroup;
			children = (
				52C636DE28028C99005CDBD4 /* airelibre.app */,
				5274D53029B6510300B9C7E5 /* airelibreUITests.xctest */,
			);
			name = Products;
			sourceTree = "<group>";
		};
		52C636E028028C99005CDBD4 /* airelibre */ = {
			isa = PBXGroup;
			children = (
				5297F05A2A22B1F60012486A /* themes */,
				526BA09229D9184E00F2D40A /* components */,
				52A97829280638F3006A877D /* data */,
				52C636F5280293F0005CDBD4 /* modules */,
				527FC40428D3E9A7001A5FF6 /* utils */,
				52669A4D28E7CD1F009DA821 /* fonts */,
				52C636E128028C99005CDBD4 /* AppDelegate.swift */,
				52C636E328028C99005CDBD4 /* SceneDelegate.swift */,
				52C636E728028C99005CDBD4 /* Main.storyboard */,
				52C636EA28028C9C005CDBD4 /* Assets.xcassets */,
				52C636EC28028C9C005CDBD4 /* LaunchScreen.storyboard */,
				527FC41928D3ED7A001A5FF6 /* GoogleService-Info.plist */,
				52C636EF28028C9C005CDBD4 /* Info.plist */,
			);
			path = airelibre;
			sourceTree = "<group>";
		};
		52C636F5280293F0005CDBD4 /* modules */ = {
			isa = PBXGroup;
			children = (
				52669A4928E7CC06009DA821 /* config */,
				527FC41028D3E9E6001A5FF6 /* about */,
				52C636FB28029B59005CDBD4 /* home_main */,
				52C636F8280299FA005CDBD4 /* navigation */,
			);
			path = modules;
			sourceTree = "<group>";
		};
		52C636F8280299FA005CDBD4 /* navigation */ = {
			isa = PBXGroup;
			children = (
				52C636F928029A3D005CDBD4 /* BaseTabBarController.swift */,
			);
			path = navigation;
			sourceTree = "<group>";
		};
		52C636FB28029B59005CDBD4 /* home_main */ = {
			isa = PBXGroup;
			children = (
				52A9782F28063AD9006A877D /* view */,
				52A9782C280639F9006A877D /* viewModel */,
				52C636FC28029BDF005CDBD4 /* model */,
			);
			path = home_main;
			sourceTree = "<group>";
		};
		52C636FC28029BDF005CDBD4 /* model */ = {
			isa = PBXGroup;
			children = (
				52A97827280632E4006A877D /* SensorResponse.swift */,
			);
			path = model;
			sourceTree = "<group>";
		};
		87811A2523F5C9F699E65F2C /* Pods */ = {
			isa = PBXGroup;
			children = (
				5BDC09953C2F8758E34142D5 /* Pods-airelibre.debug.xcconfig */,
				4187F73C8D25353464A77A27 /* Pods-airelibre.release.xcconfig */,
			);
			path = Pods;
			sourceTree = "<group>";
		};
/* End PBXGroup section */

/* Begin PBXNativeTarget section */
		5274D52F29B6510300B9C7E5 /* airelibreUITests */ = {
			isa = PBXNativeTarget;
			buildConfigurationList = 5274D53A29B6510300B9C7E5 /* Build configuration list for PBXNativeTarget "airelibreUITests" */;
			buildPhases = (
				5274D52C29B6510300B9C7E5 /* Sources */,
				5274D52D29B6510300B9C7E5 /* Frameworks */,
				5274D52E29B6510300B9C7E5 /* Resources */,
			);
			buildRules = (
			);
			dependencies = (
				5274D53729B6510300B9C7E5 /* PBXTargetDependency */,
			);
			name = airelibreUITests;
			productName = airelibreUITests;
			productReference = 5274D53029B6510300B9C7E5 /* airelibreUITests.xctest */;
			productType = "com.apple.product-type.bundle.ui-testing";
		};
		52C636DD28028C99005CDBD4 /* airelibre */ = {
			isa = PBXNativeTarget;
			buildConfigurationList = 52C636F228028C9C005CDBD4 /* Build configuration list for PBXNativeTarget "airelibre" */;
			buildPhases = (
				60D888D7D6307AA2170C1D22 /* [CP] Check Pods Manifest.lock */,
				52C636DA28028C99005CDBD4 /* Sources */,
				52C636DB28028C99005CDBD4 /* Frameworks */,
				52C636DC28028C99005CDBD4 /* Resources */,
				164E38CAD2A674B6B5486C40 /* [CP] Embed Pods Frameworks */,
				32CE4E81EBAA4E6B19E22502 /* [CP] Copy Pods Resources */,
			);
			buildRules = (
			);
			dependencies = (
			);
			name = airelibre;
			productName = airelibre;
			productReference = 52C636DE28028C99005CDBD4 /* airelibre.app */;
			productType = "com.apple.product-type.application";
		};
/* End PBXNativeTarget section */

/* Begin PBXProject section */
		52C636D628028C98005CDBD4 /* Project object */ = {
			isa = PBXProject;
			attributes = {
				BuildIndependentTargetsInParallel = 1;
				LastSwiftUpdateCheck = 1420;
				LastUpgradeCheck = 1320;
				TargetAttributes = {
					5274D52F29B6510300B9C7E5 = {
						CreatedOnToolsVersion = 14.2;
						TestTargetID = 52C636DD28028C99005CDBD4;
					};
					52C636DD28028C99005CDBD4 = {
						CreatedOnToolsVersion = 13.2.1;
					};
				};
			};
			buildConfigurationList = 52C636D928028C98005CDBD4 /* Build configuration list for PBXProject "airelibre" */;
			compatibilityVersion = "Xcode 13.0";
			developmentRegion = en;
			hasScannedForEncodings = 0;
			knownRegions = (
				en,
				Base,
			);
			mainGroup = 52C636D528028C98005CDBD4;
			productRefGroup = 52C636DF28028C99005CDBD4 /* Products */;
			projectDirPath = "";
			projectRoot = "";
			targets = (
				52C636DD28028C99005CDBD4 /* airelibre */,
				5274D52F29B6510300B9C7E5 /* airelibreUITests */,
			);
		};
/* End PBXProject section */

/* Begin PBXResourcesBuildPhase section */
		5274D52E29B6510300B9C7E5 /* Resources */ = {
			isa = PBXResourcesBuildPhase;
			buildActionMask = 2147483647;
			files = (
			);
			runOnlyForDeploymentPostprocessing = 0;
		};
		52C636DC28028C99005CDBD4 /* Resources */ = {
			isa = PBXResourcesBuildPhase;
			buildActionMask = 2147483647;
			files = (
				5203511E295FB6900007D553 /* disket_bold.ttf in Resources */,
				5297F05C2A22C2E50012486A /* mapstyle_blue.json in Resources */,
				52035120295FB6950007D553 /* rubik_regular.ttf in Resources */,
				52C636EE28028C9C005CDBD4 /* LaunchScreen.storyboard in Resources */,
				5297F0642A22C36D0012486A /* mapstyle_light_blue.json in Resources */,
				5297F0682A22C3AB0012486A /* mapstyle_uber.json in Resources */,
				5297F0662A22C38D0012486A /* mapstyle_retro.json in Resources */,
				52C636EB28028C9C005CDBD4 /* Assets.xcassets in Resources */,
				52C636E928028C99005CDBD4 /* Main.storyboard in Resources */,
				52669A5328E7D42C009DA821 /* mapstyle_night.json in Resources */,
				5297F0622A22C3410012486A /* mapstyle_gta.json in Resources */,
				527FC40E28D3E9BE001A5FF6 /* InfoAQITableViewCell.xib in Resources */,
				527FC41A28D3ED7A001A5FF6 /* GoogleService-Info.plist in Resources */,
				5203511F295FB6950007D553 /* rubik_bold.ttf in Resources */,
				5297F05E2A22C3040012486A /* mapstyle_cyber.json in Resources */,
				5297F0602A22C3210012486A /* mapstyle_fallout.json in Resources */,
				52035121295FB6950007D553 /* disket_regular.ttf in Resources */,
			);
			runOnlyForDeploymentPostprocessing = 0;
		};
/* End PBXResourcesBuildPhase section */

/* Begin PBXShellScriptBuildPhase section */
		164E38CAD2A674B6B5486C40 /* [CP] Embed Pods Frameworks */ = {
			isa = PBXShellScriptBuildPhase;
			buildActionMask = 2147483647;
			files = (
			);
			inputFileListPaths = (
				"${PODS_ROOT}/Target Support Files/Pods-airelibre/Pods-airelibre-frameworks-${CONFIGURATION}-input-files.xcfilelist",
			);
			name = "[CP] Embed Pods Frameworks";
			outputFileListPaths = (
				"${PODS_ROOT}/Target Support Files/Pods-airelibre/Pods-airelibre-frameworks-${CONFIGURATION}-output-files.xcfilelist",
			);
			runOnlyForDeploymentPostprocessing = 0;
			shellPath = /bin/sh;
			shellScript = "\"${PODS_ROOT}/Target Support Files/Pods-airelibre/Pods-airelibre-frameworks.sh\"\n";
			showEnvVarsInLog = 0;
		};
		32CE4E81EBAA4E6B19E22502 /* [CP] Copy Pods Resources */ = {
			isa = PBXShellScriptBuildPhase;
			buildActionMask = 2147483647;
			files = (
			);
			inputFileListPaths = (
				"${PODS_ROOT}/Target Support Files/Pods-airelibre/Pods-airelibre-resources-${CONFIGURATION}-input-files.xcfilelist",
			);
			name = "[CP] Copy Pods Resources";
			outputFileListPaths = (
				"${PODS_ROOT}/Target Support Files/Pods-airelibre/Pods-airelibre-resources-${CONFIGURATION}-output-files.xcfilelist",
			);
			runOnlyForDeploymentPostprocessing = 0;
			shellPath = /bin/sh;
			shellScript = "\"${PODS_ROOT}/Target Support Files/Pods-airelibre/Pods-airelibre-resources.sh\"\n";
			showEnvVarsInLog = 0;
		};
		60D888D7D6307AA2170C1D22 /* [CP] Check Pods Manifest.lock */ = {
			isa = PBXShellScriptBuildPhase;
			buildActionMask = 2147483647;
			files = (
			);
			inputFileListPaths = (
			);
			inputPaths = (
				"${PODS_PODFILE_DIR_PATH}/Podfile.lock",
				"${PODS_ROOT}/Manifest.lock",
			);
			name = "[CP] Check Pods Manifest.lock";
			outputFileListPaths = (
			);
			outputPaths = (
				"$(DERIVED_FILE_DIR)/Pods-airelibre-checkManifestLockResult.txt",
			);
			runOnlyForDeploymentPostprocessing = 0;
			shellPath = /bin/sh;
			shellScript = "diff \"${PODS_PODFILE_DIR_PATH}/Podfile.lock\" \"${PODS_ROOT}/Manifest.lock\" > /dev/null\nif [ $? != 0 ] ; then\n    # print error to STDERR\n    echo \"error: The sandbox is not in sync with the Podfile.lock. Run 'pod install' or update your CocoaPods installation.\" >&2\n    exit 1\nfi\n# This output is used by Xcode 'outputs' to avoid re-running this script phase.\necho \"SUCCESS\" > \"${SCRIPT_OUTPUT_FILE_0}\"\n";
			showEnvVarsInLog = 0;
		};
/* End PBXShellScriptBuildPhase section */

/* Begin PBXSourcesBuildPhase section */
		5274D52C29B6510300B9C7E5 /* Sources */ = {
			isa = PBXSourcesBuildPhase;
			buildActionMask = 2147483647;
			files = (
				5274D53529B6510300B9C7E5 /* airelibreUITestsLaunchTests.swift in Sources */,
				5274D53329B6510300B9C7E5 /* airelibreUITests.swift in Sources */,
			);
			runOnlyForDeploymentPostprocessing = 0;
		};
		52C636DA28028C99005CDBD4 /* Sources */ = {
			isa = PBXSourcesBuildPhase;
			buildActionMask = 2147483647;
			files = (
				52A9782B2806390B006A877D /* APIService.swift in Sources */,
				527FC40B28D3E9BE001A5FF6 /* DialogInfoAQIViewController.swift in Sources */,
				526C907D2A52464400846498 /* AboutViewModel.swift in Sources */,
				527FC40C28D3E9BE001A5FF6 /* InfoAQITableViewCell.swift in Sources */,
				52C636E228028C99005CDBD4 /* AppDelegate.swift in Sources */,
				529D82F129DA3FC50033F26D /* CircularItemCell.swift in Sources */,
				526BA09629D918A500F2D40A /* CircularItemModel.swift in Sources */,
				52A9782E28063A2E006A877D /* HomeViewModel.swift in Sources */,
				52669A4B28E7CC40009DA821 /* ConfigViewController.swift in Sources */,
				52C636FA28029A3D005CDBD4 /* BaseTabBarController.swift in Sources */,
				527FC40D28D3E9BE001A5FF6 /* extensions.swift in Sources */,
				526C90812A52469000846498 /* Contributor.swift in Sources */,
				52A9783128063B00006A877D /* HomeViewController.swift in Sources */,
				52C636E428028C99005CDBD4 /* SceneDelegate.swift in Sources */,
				5223F9092A2BCFB300C177A8 /* ConfigViewModel.swift in Sources */,
				5210AFE32A2ADB600078489E /* MapModel.swift in Sources */,
				527FC41228D3E9F2001A5FF6 /* AboutViewController.swift in Sources */,
				52A97828280632E4006A877D /* SensorResponse.swift in Sources */,
				5210AFE02A2ADAC40078489E /* ThemesMap.swift in Sources */,
				527FC40A28D3E9BE001A5FF6 /* CacheUtils.swift in Sources */,
			);
			runOnlyForDeploymentPostprocessing = 0;
		};
/* End PBXSourcesBuildPhase section */

/* Begin PBXTargetDependency section */
		5274D53729B6510300B9C7E5 /* PBXTargetDependency */ = {
			isa = PBXTargetDependency;
			target = 52C636DD28028C99005CDBD4 /* airelibre */;
			targetProxy = 5274D53629B6510300B9C7E5 /* PBXContainerItemProxy */;
		};
/* End PBXTargetDependency section */

/* Begin PBXVariantGroup section */
		52C636E728028C99005CDBD4 /* Main.storyboard */ = {
			isa = PBXVariantGroup;
			children = (
				52C636E828028C99005CDBD4 /* Base */,
			);
			name = Main.storyboard;
			sourceTree = "<group>";
		};
		52C636EC28028C9C005CDBD4 /* LaunchScreen.storyboard */ = {
			isa = PBXVariantGroup;
			children = (
				52C636ED28028C9C005CDBD4 /* Base */,
			);
			name = LaunchScreen.storyboard;
			sourceTree = "<group>";
		};
/* End PBXVariantGroup section */

/* Begin XCBuildConfiguration section */
		5274D53829B6510300B9C7E5 /* Debug */ = {
			isa = XCBuildConfiguration;
			buildSettings = {
				CLANG_CXX_LANGUAGE_STANDARD = "gnu++20";
				CODE_SIGN_STYLE = Automatic;
				CURRENT_PROJECT_VERSION = 1;
				DEVELOPMENT_TEAM = LMVK4FRCB7;
				GENERATE_INFOPLIST_FILE = YES;
				IPHONEOS_DEPLOYMENT_TARGET = 16.2;
				MARKETING_VERSION = 1.0;
				PRODUCT_BUNDLE_IDENTIFIER = com.lucasginard.airelibreUITests;
				PRODUCT_NAME = "$(TARGET_NAME)";
				SWIFT_EMIT_LOC_STRINGS = NO;
				SWIFT_VERSION = 5.0;
				TARGETED_DEVICE_FAMILY = "1,2";
				TEST_TARGET_NAME = airelibre;
			};
			name = Debug;
		};
		5274D53929B6510300B9C7E5 /* Release */ = {
			isa = XCBuildConfiguration;
			buildSettings = {
				CLANG_CXX_LANGUAGE_STANDARD = "gnu++20";
				CODE_SIGN_STYLE = Automatic;
				CURRENT_PROJECT_VERSION = 1;
				DEVELOPMENT_TEAM = LMVK4FRCB7;
				GENERATE_INFOPLIST_FILE = YES;
				IPHONEOS_DEPLOYMENT_TARGET = 16.2;
				MARKETING_VERSION = 1.0;
				PRODUCT_BUNDLE_IDENTIFIER = com.lucasginard.airelibreUITests;
				PRODUCT_NAME = "$(TARGET_NAME)";
				SWIFT_EMIT_LOC_STRINGS = NO;
				SWIFT_VERSION = 5.0;
				TARGETED_DEVICE_FAMILY = "1,2";
				TEST_TARGET_NAME = airelibre;
			};
			name = Release;
		};
		52C636F028028C9C005CDBD4 /* Debug */ = {
			isa = XCBuildConfiguration;
			buildSettings = {
				ALWAYS_SEARCH_USER_PATHS = NO;
				CLANG_ANALYZER_NONNULL = YES;
				CLANG_ANALYZER_NUMBER_OBJECT_CONVERSION = YES_AGGRESSIVE;
				CLANG_CXX_LANGUAGE_STANDARD = "gnu++17";
				CLANG_CXX_LIBRARY = "libc++";
				CLANG_ENABLE_MODULES = YES;
				CLANG_ENABLE_OBJC_ARC = YES;
				CLANG_ENABLE_OBJC_WEAK = YES;
				CLANG_WARN_BLOCK_CAPTURE_AUTORELEASING = YES;
				CLANG_WARN_BOOL_CONVERSION = YES;
				CLANG_WARN_COMMA = YES;
				CLANG_WARN_CONSTANT_CONVERSION = YES;
				CLANG_WARN_DEPRECATED_OBJC_IMPLEMENTATIONS = YES;
				CLANG_WARN_DIRECT_OBJC_ISA_USAGE = YES_ERROR;
				CLANG_WARN_DOCUMENTATION_COMMENTS = YES;
				CLANG_WARN_EMPTY_BODY = YES;
				CLANG_WARN_ENUM_CONVERSION = YES;
				CLANG_WARN_INFINITE_RECURSION = YES;
				CLANG_WARN_INT_CONVERSION = YES;
				CLANG_WARN_NON_LITERAL_NULL_CONVERSION = YES;
				CLANG_WARN_OBJC_IMPLICIT_RETAIN_SELF = YES;
				CLANG_WARN_OBJC_LITERAL_CONVERSION = YES;
				CLANG_WARN_OBJC_ROOT_CLASS = YES_ERROR;
				CLANG_WARN_QUOTED_INCLUDE_IN_FRAMEWORK_HEADER = YES;
				CLANG_WARN_RANGE_LOOP_ANALYSIS = YES;
				CLANG_WARN_STRICT_PROTOTYPES = YES;
				CLANG_WARN_SUSPICIOUS_MOVE = YES;
				CLANG_WARN_UNGUARDED_AVAILABILITY = YES_AGGRESSIVE;
				CLANG_WARN_UNREACHABLE_CODE = YES;
				CLANG_WARN__DUPLICATE_METHOD_MATCH = YES;
				COPY_PHASE_STRIP = NO;
				DEBUG_INFORMATION_FORMAT = dwarf;
				ENABLE_STRICT_OBJC_MSGSEND = YES;
				ENABLE_TESTABILITY = YES;
				GCC_C_LANGUAGE_STANDARD = gnu11;
				GCC_DYNAMIC_NO_PIC = NO;
				GCC_NO_COMMON_BLOCKS = YES;
				GCC_OPTIMIZATION_LEVEL = 0;
				GCC_PREPROCESSOR_DEFINITIONS = (
					"DEBUG=1",
					"$(inherited)",
				);
				GCC_WARN_64_TO_32_BIT_CONVERSION = YES;
				GCC_WARN_ABOUT_RETURN_TYPE = YES_ERROR;
				GCC_WARN_UNDECLARED_SELECTOR = YES;
				GCC_WARN_UNINITIALIZED_AUTOS = YES_AGGRESSIVE;
				GCC_WARN_UNUSED_FUNCTION = YES;
				GCC_WARN_UNUSED_VARIABLE = YES;
				IPHONEOS_DEPLOYMENT_TARGET = 13.0;
				MTL_ENABLE_DEBUG_INFO = INCLUDE_SOURCE;
				MTL_FAST_MATH = YES;
				ONLY_ACTIVE_ARCH = YES;
				SDKROOT = iphoneos;
				SWIFT_ACTIVE_COMPILATION_CONDITIONS = DEBUG;
				SWIFT_OPTIMIZATION_LEVEL = "-Onone";
			};
			name = Debug;
		};
		52C636F128028C9C005CDBD4 /* Release */ = {
			isa = XCBuildConfiguration;
			buildSettings = {
				ALWAYS_SEARCH_USER_PATHS = NO;
				CLANG_ANALYZER_NONNULL = YES;
				CLANG_ANALYZER_NUMBER_OBJECT_CONVERSION = YES_AGGRESSIVE;
				CLANG_CXX_LANGUAGE_STANDARD = "gnu++17";
				CLANG_CXX_LIBRARY = "libc++";
				CLANG_ENABLE_MODULES = YES;
				CLANG_ENABLE_OBJC_ARC = YES;
				CLANG_ENABLE_OBJC_WEAK = YES;
				CLANG_WARN_BLOCK_CAPTURE_AUTORELEASING = YES;
				CLANG_WARN_BOOL_CONVERSION = YES;
				CLANG_WARN_COMMA = YES;
				CLANG_WARN_CONSTANT_CONVERSION = YES;
				CLANG_WARN_DEPRECATED_OBJC_IMPLEMENTATIONS = YES;
				CLANG_WARN_DIRECT_OBJC_ISA_USAGE = YES_ERROR;
				CLANG_WARN_DOCUMENTATION_COMMENTS = YES;
				CLANG_WARN_EMPTY_BODY = YES;
				CLANG_WARN_ENUM_CONVERSION = YES;
				CLANG_WARN_INFINITE_RECURSION = YES;
				CLANG_WARN_INT_CONVERSION = YES;
				CLANG_WARN_NON_LITERAL_NULL_CONVERSION = YES;
				CLANG_WARN_OBJC_IMPLICIT_RETAIN_SELF = YES;
				CLANG_WARN_OBJC_LITERAL_CONVERSION = YES;
				CLANG_WARN_OBJC_ROOT_CLASS = YES_ERROR;
				CLANG_WARN_QUOTED_INCLUDE_IN_FRAMEWORK_HEADER = YES;
				CLANG_WARN_RANGE_LOOP_ANALYSIS = YES;
				CLANG_WARN_STRICT_PROTOTYPES = YES;
				CLANG_WARN_SUSPICIOUS_MOVE = YES;
				CLANG_WARN_UNGUARDED_AVAILABILITY = YES_AGGRESSIVE;
				CLANG_WARN_UNREACHABLE_CODE = YES;
				CLANG_WARN__DUPLICATE_METHOD_MATCH = YES;
				COPY_PHASE_STRIP = NO;
				DEBUG_INFORMATION_FORMAT = "dwarf-with-dsym";
				ENABLE_NS_ASSERTIONS = NO;
				ENABLE_STRICT_OBJC_MSGSEND = YES;
				GCC_C_LANGUAGE_STANDARD = gnu11;
				GCC_NO_COMMON_BLOCKS = YES;
				GCC_WARN_64_TO_32_BIT_CONVERSION = YES;
				GCC_WARN_ABOUT_RETURN_TYPE = YES_ERROR;
				GCC_WARN_UNDECLARED_SELECTOR = YES;
				GCC_WARN_UNINITIALIZED_AUTOS = YES_AGGRESSIVE;
				GCC_WARN_UNUSED_FUNCTION = YES;
				GCC_WARN_UNUSED_VARIABLE = YES;
				IPHONEOS_DEPLOYMENT_TARGET = 13.0;
				MTL_ENABLE_DEBUG_INFO = NO;
				MTL_FAST_MATH = YES;
				SDKROOT = iphoneos;
				SWIFT_COMPILATION_MODE = wholemodule;
				SWIFT_OPTIMIZATION_LEVEL = "-O";
				VALIDATE_PRODUCT = YES;
			};
			name = Release;
		};
		52C636F328028C9C005CDBD4 /* Debug */ = {
			isa = XCBuildConfiguration;
			baseConfigurationReference = 5BDC09953C2F8758E34142D5 /* Pods-airelibre.debug.xcconfig */;
			buildSettings = {
				ASSETCATALOG_COMPILER_APPICON_NAME = AppIcon;
				ASSETCATALOG_COMPILER_GLOBAL_ACCENT_COLOR_NAME = AccentColor;
				CODE_SIGN_STYLE = Automatic;
				CURRENT_PROJECT_VERSION = 2;
				DEVELOPMENT_TEAM = LMVK4FRCB7;
				GENERATE_INFOPLIST_FILE = YES;
				INFOPLIST_FILE = airelibre/Info.plist;
				INFOPLIST_KEY_CFBundleDisplayName = "Aire Libre";
				INFOPLIST_KEY_LSApplicationCategoryType = "public.app-category.sports";
				INFOPLIST_KEY_UIApplicationSupportsIndirectInputEvents = YES;
				INFOPLIST_KEY_UILaunchStoryboardName = LaunchScreen;
				INFOPLIST_KEY_UIMainStoryboardFile = Main;
				INFOPLIST_KEY_UISupportedInterfaceOrientations = UIInterfaceOrientationPortrait;
				INFOPLIST_KEY_UISupportedInterfaceOrientations_iPad = "UIInterfaceOrientationPortrait UIInterfaceOrientationPortraitUpsideDown UIInterfaceOrientationLandscapeLeft UIInterfaceOrientationLandscapeRight";
				INFOPLIST_KEY_UISupportedInterfaceOrientations_iPhone = "UIInterfaceOrientationPortrait UIInterfaceOrientationLandscapeLeft UIInterfaceOrientationLandscapeRight";
				IPHONEOS_DEPLOYMENT_TARGET = 13.0;
				LD_RUNPATH_SEARCH_PATHS = (
					"$(inherited)",
					"@executable_path/Frameworks",
				);
				MARKETING_VERSION = 1.0.1;
				PRODUCT_BUNDLE_IDENTIFIER = com.lucasginard.airelibre;
				PRODUCT_NAME = "$(TARGET_NAME)";
				SUPPORTED_PLATFORMS = "iphoneos iphonesimulator";
				SUPPORTS_MACCATALYST = NO;
				SUPPORTS_MAC_DESIGNED_FOR_IPHONE_IPAD = NO;
				SWIFT_EMIT_LOC_STRINGS = YES;
				SWIFT_VERSION = 5.0;
				TARGETED_DEVICE_FAMILY = 1;
			};
			name = Debug;
		};
		52C636F428028C9C005CDBD4 /* Release */ = {
			isa = XCBuildConfiguration;
			baseConfigurationReference = 4187F73C8D25353464A77A27 /* Pods-airelibre.release.xcconfig */;
			buildSettings = {
				ASSETCATALOG_COMPILER_APPICON_NAME = AppIcon;
				ASSETCATALOG_COMPILER_GLOBAL_ACCENT_COLOR_NAME = AccentColor;
				CODE_SIGN_STYLE = Automatic;
				CURRENT_PROJECT_VERSION = 2;
				DEVELOPMENT_TEAM = LMVK4FRCB7;
				GENERATE_INFOPLIST_FILE = YES;
				INFOPLIST_FILE = airelibre/Info.plist;
				INFOPLIST_KEY_CFBundleDisplayName = "Aire Libre";
				INFOPLIST_KEY_LSApplicationCategoryType = "public.app-category.sports";
				INFOPLIST_KEY_UIApplicationSupportsIndirectInputEvents = YES;
				INFOPLIST_KEY_UILaunchStoryboardName = LaunchScreen;
				INFOPLIST_KEY_UIMainStoryboardFile = Main;
				INFOPLIST_KEY_UISupportedInterfaceOrientations = UIInterfaceOrientationPortrait;
				INFOPLIST_KEY_UISupportedInterfaceOrientations_iPad = "UIInterfaceOrientationPortrait UIInterfaceOrientationPortraitUpsideDown UIInterfaceOrientationLandscapeLeft UIInterfaceOrientationLandscapeRight";
				INFOPLIST_KEY_UISupportedInterfaceOrientations_iPhone = "UIInterfaceOrientationPortrait UIInterfaceOrientationLandscapeLeft UIInterfaceOrientationLandscapeRight";
				IPHONEOS_DEPLOYMENT_TARGET = 13.0;
				LD_RUNPATH_SEARCH_PATHS = (
					"$(inherited)",
					"@executable_path/Frameworks",
				);
				MARKETING_VERSION = 1.0.1;
				PRODUCT_BUNDLE_IDENTIFIER = com.lucasginard.airelibre;
				PRODUCT_NAME = "$(TARGET_NAME)";
				SUPPORTED_PLATFORMS = "iphoneos iphonesimulator";
				SUPPORTS_MACCATALYST = NO;
				SUPPORTS_MAC_DESIGNED_FOR_IPHONE_IPAD = NO;
				SWIFT_EMIT_LOC_STRINGS = YES;
				SWIFT_VERSION = 5.0;
				TARGETED_DEVICE_FAMILY = 1;
			};
			name = Release;
		};
/* End XCBuildConfiguration section */

/* Begin XCConfigurationList section */
		5274D53A29B6510300B9C7E5 /* Build configuration list for PBXNativeTarget "airelibreUITests" */ = {
			isa = XCConfigurationList;
			buildConfigurations = (
				5274D53829B6510300B9C7E5 /* Debug */,
				5274D53929B6510300B9C7E5 /* Release */,
			);
			defaultConfigurationIsVisible = 0;
			defaultConfigurationName = Release;
		};
		52C636D928028C98005CDBD4 /* Build configuration list for PBXProject "airelibre" */ = {
			isa = XCConfigurationList;
			buildConfigurations = (
				52C636F028028C9C005CDBD4 /* Debug */,
				52C636F128028C9C005CDBD4 /* Release */,
			);
			defaultConfigurationIsVisible = 0;
			defaultConfigurationName = Release;
		};
		52C636F228028C9C005CDBD4 /* Build configuration list for PBXNativeTarget "airelibre" */ = {
			isa = XCConfigurationList;
			buildConfigurations = (
				52C636F328028C9C005CDBD4 /* Debug */,
				52C636F428028C9C005CDBD4 /* Release */,
			);
			defaultConfigurationIsVisible = 0;
			defaultConfigurationName = Release;
		};
/* End XCConfigurationList section */
	};
	rootObject = 52C636D628028C98005CDBD4 /* Project object */;
}
